hash: 772a05d57ff7b8f57019f34390ba07cd4b97ef338d472c65bd61fc0405c1d36d
updated: 2020-01-27T18:47:40.806225176-03:00
imports:
- name: github.com/uol/funks
  version: f6a04c7785966773f32313e0c25c9343738369e9
testImports:
- name: github.com/davecgh/go-spew
  version: d8f796af33cc11cb798c1aaeb27a4ebc5099927d
  subpackages:
  - spew
- name: github.com/pmezard/go-difflib
  version: 5d4384ee4fb2527b0a1256a821ebfc92f91efefc
  subpackages:
  - difflib
- name: github.com/stretchr/testify
  version: 8c465a0c8e8057d28111e5ec72860f23965439e5
  subpackages:
  - assert
- name: gopkg.in/yaml.v2
  version: 53403b58ad1b561927d19068c655246f2db79d48
